// !$*UTF8*$!
{
	archiveVersion = 1;
	classes = {
	};
	objectVersion = 56;
	objects = {

/* Begin PBXBuildFile section */
		7A0C5E362A16341E0091E94C /* PreviewProvider.swift in Sources */ = {isa = PBXBuildFile; fileRef = 7A0C5E352A16341E0091E94C /* PreviewProvider.swift */; };
		7A0C5E382A1648540091E94C /* Double.swift in Sources */ = {isa = PBXBuildFile; fileRef = 7A0C5E372A1648540091E94C /* Double.swift */; };
		7A0C5E3A2A164F6B0091E94C /* HomeViewModel.swift in Sources */ = {isa = PBXBuildFile; fileRef = 7A0C5E392A164F6B0091E94C /* HomeViewModel.swift */; };
		7A0C5E3D2A16561C0091E94C /* CoinDataService.swift in Sources */ = {isa = PBXBuildFile; fileRef = 7A0C5E3C2A16561C0091E94C /* CoinDataService.swift */; };
		7A2D8B072A14BCF300B07CB9 /* CrypticoastiOSApp.swift in Sources */ = {isa = PBXBuildFile; fileRef = 7A2D8B062A14BCF300B07CB9 /* CrypticoastiOSApp.swift */; };
		7A2D8B092A14BCF300B07CB9 /* ContentView.swift in Sources */ = {isa = PBXBuildFile; fileRef = 7A2D8B082A14BCF300B07CB9 /* ContentView.swift */; };
		7A2D8B0B2A14BCF500B07CB9 /* Assets.xcassets in Resources */ = {isa = PBXBuildFile; fileRef = 7A2D8B0A2A14BCF500B07CB9 /* Assets.xcassets */; };
		7A2D8B0E2A14BCF500B07CB9 /* Preview Assets.xcassets in Resources */ = {isa = PBXBuildFile; fileRef = 7A2D8B0D2A14BCF500B07CB9 /* Preview Assets.xcassets */; };
		7A2D8B162A14BE2B00B07CB9 /* Color.swift in Sources */ = {isa = PBXBuildFile; fileRef = 7A2D8B152A14BE2B00B07CB9 /* Color.swift */; };
		7A2D8B1F2A14BF3800B07CB9 /* HomeView.swift in Sources */ = {isa = PBXBuildFile; fileRef = 7A2D8B1E2A14BF3800B07CB9 /* HomeView.swift */; };
		7A2D8B212A14BF9700B07CB9 /* CircleButtonView.swift in Sources */ = {isa = PBXBuildFile; fileRef = 7A2D8B202A14BF9700B07CB9 /* CircleButtonView.swift */; };
		7A2D8B232A14BFD700B07CB9 /* CircleButtonAnimationView.swift in Sources */ = {isa = PBXBuildFile; fileRef = 7A2D8B222A14BFD700B07CB9 /* CircleButtonAnimationView.swift */; };
		7A2D8B262A14C12D00B07CB9 /* Coin.swift in Sources */ = {isa = PBXBuildFile; fileRef = 7A2D8B252A14C12D00B07CB9 /* Coin.swift */; };
		7A2D8B282A14C8A200B07CB9 /* CoinRowView.swift in Sources */ = {isa = PBXBuildFile; fileRef = 7A2D8B272A14C8A200B07CB9 /* CoinRowView.swift */; };
/* End PBXBuildFile section */

/* Begin PBXFileReference section */
		7A0C5E352A16341E0091E94C /* PreviewProvider.swift */ = {isa = PBXFileReference; lastKnownFileType = sourcecode.swift; path = PreviewProvider.swift; sourceTree = "<group>"; };
		7A0C5E372A1648540091E94C /* Double.swift */ = {isa = PBXFileReference; lastKnownFileType = sourcecode.swift; path = Double.swift; sourceTree = "<group>"; };
		7A0C5E392A164F6B0091E94C /* HomeViewModel.swift */ = {isa = PBXFileReference; lastKnownFileType = sourcecode.swift; path = HomeViewModel.swift; sourceTree = "<group>"; };
		7A0C5E3C2A16561C0091E94C /* CoinDataService.swift */ = {isa = PBXFileReference; lastKnownFileType = sourcecode.swift; path = CoinDataService.swift; sourceTree = "<group>"; };
		7A2D8B032A14BCF300B07CB9 /* CrypticoastiOS.app */ = {isa = PBXFileReference; explicitFileType = wrapper.application; includeInIndex = 0; path = CrypticoastiOS.app; sourceTree = BUILT_PRODUCTS_DIR; };
		7A2D8B062A14BCF300B07CB9 /* CrypticoastiOSApp.swift */ = {isa = PBXFileReference; lastKnownFileType = sourcecode.swift; path = CrypticoastiOSApp.swift; sourceTree = "<group>"; };
		7A2D8B082A14BCF300B07CB9 /* ContentView.swift */ = {isa = PBXFileReference; lastKnownFileType = sourcecode.swift; path = ContentView.swift; sourceTree = "<group>"; };
		7A2D8B0A2A14BCF500B07CB9 /* Assets.xcassets */ = {isa = PBXFileReference; lastKnownFileType = folder.assetcatalog; path = Assets.xcassets; sourceTree = "<group>"; };
		7A2D8B0D2A14BCF500B07CB9 /* Preview Assets.xcassets */ = {isa = PBXFileReference; lastKnownFileType = folder.assetcatalog; path = "Preview Assets.xcassets"; sourceTree = "<group>"; };
		7A2D8B152A14BE2B00B07CB9 /* Color.swift */ = {isa = PBXFileReference; lastKnownFileType = sourcecode.swift; path = Color.swift; sourceTree = "<group>"; };
		7A2D8B1E2A14BF3800B07CB9 /* HomeView.swift */ = {isa = PBXFileReference; lastKnownFileType = sourcecode.swift; path = HomeView.swift; sourceTree = "<group>"; };
		7A2D8B202A14BF9700B07CB9 /* CircleButtonView.swift */ = {isa = PBXFileReference; lastKnownFileType = sourcecode.swift; path = CircleButtonView.swift; sourceTree = "<group>"; };
		7A2D8B222A14BFD700B07CB9 /* CircleButtonAnimationView.swift */ = {isa = PBXFileReference; lastKnownFileType = sourcecode.swift; path = CircleButtonAnimationView.swift; sourceTree = "<group>"; };
		7A2D8B252A14C12D00B07CB9 /* Coin.swift */ = {isa = PBXFileReference; lastKnownFileType = sourcecode.swift; path = Coin.swift; sourceTree = "<group>"; };
		7A2D8B272A14C8A200B07CB9 /* CoinRowView.swift */ = {isa = PBXFileReference; lastKnownFileType = sourcecode.swift; path = CoinRowView.swift; sourceTree = "<group>"; };
/* End PBXFileReference section */

/* Begin PBXFrameworksBuildPhase section */
		7A2D8B002A14BCF300B07CB9 /* Frameworks */ = {
			isa = PBXFrameworksBuildPhase;
			buildActionMask = 2147483647;
			files = (
			);
			runOnlyForDeploymentPostprocessing = 0;
		};
/* End PBXFrameworksBuildPhase section */

/* Begin PBXGroup section */
		7A0C5E3B2A1655F70091E94C /* Services */ = {
			isa = PBXGroup;
			children = (
				7A0C5E3C2A16561C0091E94C /* CoinDataService.swift */,
			);
			path = Services;
			sourceTree = "<group>";
		};
		7A2D8AFA2A14BCF300B07CB9 = {
			isa = PBXGroup;
			children = (
				7A2D8B052A14BCF300B07CB9 /* CrypticoastiOS */,
				7A2D8B042A14BCF300B07CB9 /* Products */,
			);
			sourceTree = "<group>";
		};
		7A2D8B042A14BCF300B07CB9 /* Products */ = {
			isa = PBXGroup;
			children = (
				7A2D8B032A14BCF300B07CB9 /* CrypticoastiOS.app */,
			);
			name = Products;
			sourceTree = "<group>";
		};
		7A2D8B052A14BCF300B07CB9 /* CrypticoastiOS */ = {
			isa = PBXGroup;
			children = (
				7A0C5E3B2A1655F70091E94C /* Services */,
				7A2D8B242A14C11700B07CB9 /* Models */,
				7A2D8B142A14BDF300B07CB9 /* Extensions */,
				7A2D8B172A14BEC300B07CB9 /* Core */,
				7A2D8B062A14BCF300B07CB9 /* CrypticoastiOSApp.swift */,
				7A2D8B082A14BCF300B07CB9 /* ContentView.swift */,
				7A2D8B0A2A14BCF500B07CB9 /* Assets.xcassets */,
				7A2D8B0C2A14BCF500B07CB9 /* Preview Content */,
			);
			path = CrypticoastiOS;
			sourceTree = "<group>";
		};
		7A2D8B0C2A14BCF500B07CB9 /* Preview Content */ = {
			isa = PBXGroup;
			children = (
				7A2D8B0D2A14BCF500B07CB9 /* Preview Assets.xcassets */,
			);
			path = "Preview Content";
			sourceTree = "<group>";
		};
		7A2D8B142A14BDF300B07CB9 /* Extensions */ = {
			isa = PBXGroup;
			children = (
				7A2D8B152A14BE2B00B07CB9 /* Color.swift */,
				7A0C5E352A16341E0091E94C /* PreviewProvider.swift */,
				7A0C5E372A1648540091E94C /* Double.swift */,
			);
			path = Extensions;
			sourceTree = "<group>";
		};
		7A2D8B172A14BEC300B07CB9 /* Core */ = {
			isa = PBXGroup;
			children = (
				7A2D8B182A14BECE00B07CB9 /* Components */,
				7A2D8B1A2A14BEE400B07CB9 /* Home */,
			);
			path = Core;
			sourceTree = "<group>";
		};
		7A2D8B182A14BECE00B07CB9 /* Components */ = {
			isa = PBXGroup;
			children = (
				7A2D8B192A14BED700B07CB9 /* CircleButton */,
			);
			path = Components;
			sourceTree = "<group>";
		};
		7A2D8B192A14BED700B07CB9 /* CircleButton */ = {
			isa = PBXGroup;
			children = (
				7A2D8B202A14BF9700B07CB9 /* CircleButtonView.swift */,
				7A2D8B222A14BFD700B07CB9 /* CircleButtonAnimationView.swift */,
			);
			path = CircleButton;
			sourceTree = "<group>";
		};
		7A2D8B1A2A14BEE400B07CB9 /* Home */ = {
			isa = PBXGroup;
			children = (
				7A2D8B1D2A14BF2700B07CB9 /* Views */,
				7A2D8B1C2A14BF1700B07CB9 /* ViewModel */,
			);
			path = Home;
			sourceTree = "<group>";
		};
		7A2D8B1C2A14BF1700B07CB9 /* ViewModel */ = {
			isa = PBXGroup;
			children = (
				7A0C5E392A164F6B0091E94C /* HomeViewModel.swift */,
			);
			path = ViewModel;
			sourceTree = "<group>";
		};
		7A2D8B1D2A14BF2700B07CB9 /* Views */ = {
			isa = PBXGroup;
			children = (
				7A2D8B1E2A14BF3800B07CB9 /* HomeView.swift */,
				7A2D8B272A14C8A200B07CB9 /* CoinRowView.swift */,
			);
			path = Views;
			sourceTree = "<group>";
		};
		7A2D8B242A14C11700B07CB9 /* Models */ = {
			isa = PBXGroup;
			children = (
				7A2D8B252A14C12D00B07CB9 /* Coin.swift */,
			);
			path = Models;
			sourceTree = "<group>";
		};
/* End PBXGroup section */

/* Begin PBXNativeTarget section */
		7A2D8B022A14BCF300B07CB9 /* CrypticoastiOS */ = {
			isa = PBXNativeTarget;
			buildConfigurationList = 7A2D8B112A14BCF500B07CB9 /* Build configuration list for PBXNativeTarget "CrypticoastiOS" */;
			buildPhases = (
				7A2D8AFF2A14BCF300B07CB9 /* Sources */,
				7A2D8B002A14BCF300B07CB9 /* Frameworks */,
				7A2D8B012A14BCF300B07CB9 /* Resources */,
			);
			buildRules = (
			);
			dependencies = (
			);
			name = CrypticoastiOS;
			productName = CrypticoastiOS;
			productReference = 7A2D8B032A14BCF300B07CB9 /* CrypticoastiOS.app */;
			productType = "com.apple.product-type.application";
		};
/* End PBXNativeTarget section */

/* Begin PBXProject section */
		7A2D8AFB2A14BCF300B07CB9 /* Project object */ = {
			isa = PBXProject;
			attributes = {
				BuildIndependentTargetsInParallel = 1;
				LastSwiftUpdateCheck = 1430;
				LastUpgradeCheck = 1430;
				TargetAttributes = {
					7A2D8B022A14BCF300B07CB9 = {
						CreatedOnToolsVersion = 14.3;
					};
				};
			};
			buildConfigurationList = 7A2D8AFE2A14BCF300B07CB9 /* Build configuration list for PBXProject "CrypticoastiOS" */;
			compatibilityVersion = "Xcode 14.0";
			developmentRegion = en;
			hasScannedForEncodings = 0;
			knownRegions = (
				en,
				Base,
			);
			mainGroup = 7A2D8AFA2A14BCF300B07CB9;
			productRefGroup = 7A2D8B042A14BCF300B07CB9 /* Products */;
			projectDirPath = "";
			projectRoot = "";
			targets = (
				7A2D8B022A14BCF300B07CB9 /* CrypticoastiOS */,
			);
		};
/* End PBXProject section */

/* Begin PBXResourcesBuildPhase section */
		7A2D8B012A14BCF300B07CB9 /* Resources */ = {
			isa = PBXResourcesBuildPhase;
			buildActionMask = 2147483647;
			files = (
				7A2D8B0E2A14BCF500B07CB9 /* Preview Assets.xcassets in Resources */,
				7A2D8B0B2A14BCF500B07CB9 /* Assets.xcassets in Resources */,
			);
			runOnlyForDeploymentPostprocessing = 0;
		};
/* End PBXResourcesBuildPhase section */

/* Begin PBXSourcesBuildPhase section */
		7A2D8AFF2A14BCF300B07CB9 /* Sources */ = {
			isa = PBXSourcesBuildPhase;
			buildActionMask = 2147483647;
			files = (
				7A0C5E3D2A16561C0091E94C /* CoinDataService.swift in Sources */,
				7A2D8B282A14C8A200B07CB9 /* CoinRowView.swift in Sources */,
				7A0C5E3A2A164F6B0091E94C /* HomeViewModel.swift in Sources */,
				7A2D8B092A14BCF300B07CB9 /* ContentView.swift in Sources */,
				7A2D8B1F2A14BF3800B07CB9 /* HomeView.swift in Sources */,
				7A2D8B072A14BCF300B07CB9 /* CrypticoastiOSApp.swift in Sources */,
				7A2D8B212A14BF9700B07CB9 /* CircleButtonView.swift in Sources */,
				7A2D8B162A14BE2B00B07CB9 /* Color.swift in Sources */,
				7A2D8B232A14BFD700B07CB9 /* CircleButtonAnimationView.swift in Sources */,
				7A0C5E362A16341E0091E94C /* PreviewProvider.swift in Sources */,
				7A0C5E382A1648540091E94C /* Double.swift in Sources */,
				7A2D8B262A14C12D00B07CB9 /* Coin.swift in Sources */,
			);
			runOnlyForDeploymentPostprocessing = 0;
		};
/* End PBXSourcesBuildPhase section */

/* Begin XCBuildConfiguration section */
		7A2D8B0F2A14BCF500B07CB9 /* Debug */ = {
			isa = XCBuildConfiguration;
			buildSettings = {
				ALWAYS_SEARCH_USER_PATHS = NO;
				CLANG_ANALYZER_NONNULL = YES;
				CLANG_ANALYZER_NUMBER_OBJECT_CONVERSION = YES_AGGRESSIVE;
				CLANG_CXX_LANGUAGE_STANDARD = "gnu++20";
				CLANG_ENABLE_MODULES = YES;
				CLANG_ENABLE_OBJC_ARC = YES;
				CLANG_ENABLE_OBJC_WEAK = YES;
				CLANG_WARN_BLOCK_CAPTURE_AUTORELEASING = YES;
				CLANG_WARN_BOOL_CONVERSION = YES;
				CLANG_WARN_COMMA = YES;
				CLANG_WARN_CONSTANT_CONVERSION = YES;
				CLANG_WARN_DEPRECATED_OBJC_IMPLEMENTATIONS = YES;
				CLANG_WARN_DIRECT_OBJC_ISA_USAGE = YES_ERROR;
				CLANG_WARN_DOCUMENTATION_COMMENTS = YES;
				CLANG_WARN_EMPTY_BODY = YES;
				CLANG_WARN_ENUM_CONVERSION = YES;
				CLANG_WARN_INFINITE_RECURSION = YES;
				CLANG_WARN_INT_CONVERSION = YES;
				CLANG_WARN_NON_LITERAL_NULL_CONVERSION = YES;
				CLANG_WARN_OBJC_IMPLICIT_RETAIN_SELF = YES;
				CLANG_WARN_OBJC_LITERAL_CONVERSION = YES;
				CLANG_WARN_OBJC_ROOT_CLASS = YES_ERROR;
				CLANG_WARN_QUOTED_INCLUDE_IN_FRAMEWORK_HEADER = YES;
				CLANG_WARN_RANGE_LOOP_ANALYSIS = YES;
				CLANG_WARN_STRICT_PROTOTYPES = YES;
				CLANG_WARN_SUSPICIOUS_MOVE = YES;
				CLANG_WARN_UNGUARDED_AVAILABILITY = YES_AGGRESSIVE;
				CLANG_WARN_UNREACHABLE_CODE = YES;
				CLANG_WARN__DUPLICATE_METHOD_MATCH = YES;
				COPY_PHASE_STRIP = NO;
				DEBUG_INFORMATION_FORMAT = dwarf;
				ENABLE_STRICT_OBJC_MSGSEND = YES;
				ENABLE_TESTABILITY = YES;
				GCC_C_LANGUAGE_STANDARD = gnu11;
				GCC_DYNAMIC_NO_PIC = NO;
				GCC_NO_COMMON_BLOCKS = YES;
				GCC_OPTIMIZATION_LEVEL = 0;
				GCC_PREPROCESSOR_DEFINITIONS = (
					"DEBUG=1",
					"$(inherited)",
				);
				GCC_WARN_64_TO_32_BIT_CONVERSION = YES;
				GCC_WARN_ABOUT_RETURN_TYPE = YES_ERROR;
				GCC_WARN_UNDECLARED_SELECTOR = YES;
				GCC_WARN_UNINITIALIZED_AUTOS = YES_AGGRESSIVE;
				GCC_WARN_UNUSED_FUNCTION = YES;
				GCC_WARN_UNUSED_VARIABLE = YES;
				IPHONEOS_DEPLOYMENT_TARGET = 16.4;
				MTL_ENABLE_DEBUG_INFO = INCLUDE_SOURCE;
				MTL_FAST_MATH = YES;
				ONLY_ACTIVE_ARCH = YES;
				SDKROOT = iphoneos;
				SWIFT_ACTIVE_COMPILATION_CONDITIONS = DEBUG;
				SWIFT_OPTIMIZATION_LEVEL = "-Onone";
			};
			name = Debug;
		};
		7A2D8B102A14BCF500B07CB9 /* Release */ = {
			isa = XCBuildConfiguration;
			buildSettings = {
				ALWAYS_SEARCH_USER_PATHS = NO;
				CLANG_ANALYZER_NONNULL = YES;
				CLANG_ANALYZER_NUMBER_OBJECT_CONVERSION = YES_AGGRESSIVE;
				CLANG_CXX_LANGUAGE_STANDARD = "gnu++20";
				CLANG_ENABLE_MODULES = YES;
				CLANG_ENABLE_OBJC_ARC = YES;
				CLANG_ENABLE_OBJC_WEAK = YES;
				CLANG_WARN_BLOCK_CAPTURE_AUTORELEASING = YES;
				CLANG_WARN_BOOL_CONVERSION = YES;
				CLANG_WARN_COMMA = YES;
				CLANG_WARN_CONSTANT_CONVERSION = YES;
				CLANG_WARN_DEPRECATED_OBJC_IMPLEMENTATIONS = YES;
				CLANG_WARN_DIRECT_OBJC_ISA_USAGE = YES_ERROR;
				CLANG_WARN_DOCUMENTATION_COMMENTS = YES;
				CLANG_WARN_EMPTY_BODY = YES;
				CLANG_WARN_ENUM_CONVERSION = YES;
				CLANG_WARN_INFINITE_RECURSION = YES;
				CLANG_WARN_INT_CONVERSION = YES;
				CLANG_WARN_NON_LITERAL_NULL_CONVERSION = YES;
				CLANG_WARN_OBJC_IMPLICIT_RETAIN_SELF = YES;
				CLANG_WARN_OBJC_LITERAL_CONVERSION = YES;
				CLANG_WARN_OBJC_ROOT_CLASS = YES_ERROR;
				CLANG_WARN_QUOTED_INCLUDE_IN_FRAMEWORK_HEADER = YES;
				CLANG_WARN_RANGE_LOOP_ANALYSIS = YES;
				CLANG_WARN_STRICT_PROTOTYPES = YES;
				CLANG_WARN_SUSPICIOUS_MOVE = YES;
				CLANG_WARN_UNGUARDED_AVAILABILITY = YES_AGGRESSIVE;
				CLANG_WARN_UNREACHABLE_CODE = YES;
				CLANG_WARN__DUPLICATE_METHOD_MATCH = YES;
				COPY_PHASE_STRIP = NO;
				DEBUG_INFORMATION_FORMAT = "dwarf-with-dsym";
				ENABLE_NS_ASSERTIONS = NO;
				ENABLE_STRICT_OBJC_MSGSEND = YES;
				GCC_C_LANGUAGE_STANDARD = gnu11;
				GCC_NO_COMMON_BLOCKS = YES;
				GCC_WARN_64_TO_32_BIT_CONVERSION = YES;
				GCC_WARN_ABOUT_RETURN_TYPE = YES_ERROR;
				GCC_WARN_UNDECLARED_SELECTOR = YES;
				GCC_WARN_UNINITIALIZED_AUTOS = YES_AGGRESSIVE;
				GCC_WARN_UNUSED_FUNCTION = YES;
				GCC_WARN_UNUSED_VARIABLE = YES;
				IPHONEOS_DEPLOYMENT_TARGET = 16.4;
				MTL_ENABLE_DEBUG_INFO = NO;
				MTL_FAST_MATH = YES;
				SDKROOT = iphoneos;
				SWIFT_COMPILATION_MODE = wholemodule;
				SWIFT_OPTIMIZATION_LEVEL = "-O";
				VALIDATE_PRODUCT = YES;
			};
			name = Release;
		};
		7A2D8B122A14BCF500B07CB9 /* Debug */ = {
			isa = XCBuildConfiguration;
			buildSettings = {
				ASSETCATALOG_COMPILER_APPICON_NAME = AppIcon;
				ASSETCATALOG_COMPILER_GLOBAL_ACCENT_COLOR_NAME = AccentColor;
				CODE_SIGN_STYLE = Automatic;
				CURRENT_PROJECT_VERSION = 1;
				DEVELOPMENT_ASSET_PATHS = "\"CrypticoastiOS/Preview Content\"";
				DEVELOPMENT_TEAM = C9S9TQ44Q5;
				ENABLE_PREVIEWS = YES;
				GENERATE_INFOPLIST_FILE = YES;
				INFOPLIST_KEY_UIApplicationSceneManifest_Generation = YES;
				INFOPLIST_KEY_UIApplicationSupportsIndirectInputEvents = YES;
				INFOPLIST_KEY_UILaunchScreen_Generation = YES;
				INFOPLIST_KEY_UISupportedInterfaceOrientations_iPad = "UIInterfaceOrientationPortrait UIInterfaceOrientationPortraitUpsideDown UIInterfaceOrientationLandscapeLeft UIInterfaceOrientationLandscapeRight";
				INFOPLIST_KEY_UISupportedInterfaceOrientations_iPhone = "UIInterfaceOrientationPortrait UIInterfaceOrientationLandscapeLeft UIInterfaceOrientationLandscapeRight";
				LD_RUNPATH_SEARCH_PATHS = (
					"$(inherited)",
					"@executable_path/Frameworks",
				);
				MARKETING_VERSION = 1.0;
				PRODUCT_BUNDLE_IDENTIFIER = com.feevlic.CrypticoastiOS;
				PRODUCT_NAME = "$(TARGET_NAME)";
				SWIFT_EMIT_LOC_STRINGS = YES;
				SWIFT_VERSION = 5.0;
				TARGETED_DEVICE_FAMILY = "1,2";
			};
			name = Debug;
		};
		7A2D8B132A14BCF500B07CB9 /* Release */ = {
			isa = XCBuildConfiguration;
			buildSettings = {
				ASSETCATALOG_COMPILER_APPICON_NAME = AppIcon;
				ASSETCATALOG_COMPILER_GLOBAL_ACCENT_COLOR_NAME = AccentColor;
				CODE_SIGN_STYLE = Automatic;
				CURRENT_PROJECT_VERSION = 1;
				DEVELOPMENT_ASSET_PATHS = "\"CrypticoastiOS/Preview Content\"";
				DEVELOPMENT_TEAM = C9S9TQ44Q5;
				ENABLE_PREVIEWS = YES;
				GENERATE_INFOPLIST_FILE = YES;
				INFOPLIST_KEY_UIApplicationSceneManifest_Generation = YES;
				INFOPLIST_KEY_UIApplicationSupportsIndirectInputEvents = YES;
				INFOPLIST_KEY_UILaunchScreen_Generation = YES;
				INFOPLIST_KEY_UISupportedInterfaceOrientations_iPad = "UIInterfaceOrientationPortrait UIInterfaceOrientationPortraitUpsideDown UIInterfaceOrientationLandscapeLeft UIInterfaceOrientationLandscapeRight";
				INFOPLIST_KEY_UISupportedInterfaceOrientations_iPhone = "UIInterfaceOrientationPortrait UIInterfaceOrientationLandscapeLeft UIInterfaceOrientationLandscapeRight";
				LD_RUNPATH_SEARCH_PATHS = (
					"$(inherited)",
					"@executable_path/Frameworks",
				);
				MARKETING_VERSION = 1.0;
				PRODUCT_BUNDLE_IDENTIFIER = com.feevlic.CrypticoastiOS;
				PRODUCT_NAME = "$(TARGET_NAME)";
				SWIFT_EMIT_LOC_STRINGS = YES;
				SWIFT_VERSION = 5.0;
				TARGETED_DEVICE_FAMILY = "1,2";
			};
			name = Release;
		};
/* End XCBuildConfiguration section */

/* Begin XCConfigurationList section */
		7A2D8AFE2A14BCF300B07CB9 /* Build configuration list for PBXProject "CrypticoastiOS" */ = {
			isa = XCConfigurationList;
			buildConfigurations = (
				7A2D8B0F2A14BCF500B07CB9 /* Debug */,
				7A2D8B102A14BCF500B07CB9 /* Release */,
			);
			defaultConfigurationIsVisible = 0;
			defaultConfigurationName = Release;
		};
		7A2D8B112A14BCF500B07CB9 /* Build configuration list for PBXNativeTarget "CrypticoastiOS" */ = {
			isa = XCConfigurationList;
			buildConfigurations = (
				7A2D8B122A14BCF500B07CB9 /* Debug */,
				7A2D8B132A14BCF500B07CB9 /* Release */,
			);
			defaultConfigurationIsVisible = 0;
			defaultConfigurationName = Release;
		};
/* End XCConfigurationList section */
	};
	rootObject = 7A2D8AFB2A14BCF300B07CB9 /* Project object */;
}
